
Microsoft Visual Studio Solution File, Format Version 12.00
# Visual Studio Version 17
VisualStudioVersion = 17.4.33213.308
MinimumVisualStudioVersion = 10.0.40219.1
Project("{FAE04EC0-301F-11D3-BF4B-00C04F79EFBC}") = "Api2022", "Api2022\Api2022.csproj", "{BBB6FECF-8DD2-4ACC-BCBD-018BB2940CFA}"
EndProject
Global
	GlobalSection(SolutionConfigurationPlatforms) = preSolution
		Debug|Any CPU = Debug|Any CPU
		Release|Any CPU = Release|Any CPU
	EndGlobalSection
	GlobalSection(ProjectConfigurationPlatforms) = postSolution
		{BBB6FECF-8DD2-4ACC-BCBD-018BB2940CFA}.Debug|Any CPU.ActiveCfg = Debug|Any CPU
		{BBB6FECF-8DD2-4ACC-BCBD-018BB2940CFA}.Debug|Any CPU.Build.0 = Debug|Any CPU
		{BBB6FECF-8DD2-4ACC-BCBD-018BB2940CFA}.Release|Any CPU.ActiveCfg = Release|Any CPU
		{BBB6FECF-8DD2-4ACC-BCBD-018BB2940CFA}.Release|Any CPU.Build.0 = Release|Any CPU
	EndGlobalSection
	GlobalSection(SolutionProperties) = preSolution
		HideSolutionNode = FALSE
	EndGlobalSection
	GlobalSection(ExtensibilityGlobals) = postSolution
		SolutionGuid = {ED8AF1C3-4C5A-4EBE-BE4B-4C2D58FC3AA4}
	EndGlobalSection
EndGlobal
